// !$*UTF8*$!
{
	archiveVersion = 1;
	classes = {
	};
	objectVersion = 55;
	objects = {

/* Begin PBXBuildFile section */
		911293C928964A9300A31C39 /* AnimalDetailView.swift in Sources */ = {isa = PBXBuildFile; fileRef = 911293C828964A9300A31C39 /* AnimalDetailView.swift */; };
		911293CB28964D9200A31C39 /* HeadingView.swift in Sources */ = {isa = PBXBuildFile; fileRef = 911293CA28964D9200A31C39 /* HeadingView.swift */; };
		911293CD28964E8200A31C39 /* InsetGalleryView.swift in Sources */ = {isa = PBXBuildFile; fileRef = 911293CC28964E8200A31C39 /* InsetGalleryView.swift */; };
		911293CF289651C600A31C39 /* InsetFactView.swift in Sources */ = {isa = PBXBuildFile; fileRef = 911293CE289651C600A31C39 /* InsetFactView.swift */; };
		911293D12896544E00A31C39 /* InsetMapView.swift in Sources */ = {isa = PBXBuildFile; fileRef = 911293D02896544E00A31C39 /* InsetMapView.swift */; };
		911293D32896568300A31C39 /* ExternalWebLinkView.swift in Sources */ = {isa = PBXBuildFile; fileRef = 911293D22896568300A31C39 /* ExternalWebLinkView.swift */; };
		911293D528965DE400A31C39 /* VideoModel.swift in Sources */ = {isa = PBXBuildFile; fileRef = 911293D428965DE400A31C39 /* VideoModel.swift */; };
		911293D728965EEF00A31C39 /* VideoListItemView.swift in Sources */ = {isa = PBXBuildFile; fileRef = 911293D628965EEF00A31C39 /* VideoListItemView.swift */; };
		911293D92896653300A31C39 /* VideoPlayerView.swift in Sources */ = {isa = PBXBuildFile; fileRef = 911293D82896653300A31C39 /* VideoPlayerView.swift */; };
		911293DC28966AFC00A31C39 /* VideoPlayerHelper.swift in Sources */ = {isa = PBXBuildFile; fileRef = 911293DB28966AFC00A31C39 /* VideoPlayerHelper.swift */; };
		91E40B0A289638CF0007A06E /* AfricaApp.swift in Sources */ = {isa = PBXBuildFile; fileRef = 91E40B09289638CF0007A06E /* AfricaApp.swift */; };
		91E40B0C289638CF0007A06E /* ContentView.swift in Sources */ = {isa = PBXBuildFile; fileRef = 91E40B0B289638CF0007A06E /* ContentView.swift */; };
		91E40B0E289638CF0007A06E /* Assets.xcassets in Resources */ = {isa = PBXBuildFile; fileRef = 91E40B0D289638CF0007A06E /* Assets.xcassets */; };
		91E40B11289638CF0007A06E /* Preview Assets.xcassets in Resources */ = {isa = PBXBuildFile; fileRef = 91E40B10289638CF0007A06E /* Preview Assets.xcassets */; };
		91E40B2228963AD30007A06E /* ostrich.mp4 in Resources */ = {isa = PBXBuildFile; fileRef = 91E40B1828963AD30007A06E /* ostrich.mp4 */; };
		91E40B2328963AD30007A06E /* cheetah.mp4 in Resources */ = {isa = PBXBuildFile; fileRef = 91E40B1928963AD30007A06E /* cheetah.mp4 */; };
		91E40B2428963AD30007A06E /* lioness.mp4 in Resources */ = {isa = PBXBuildFile; fileRef = 91E40B1A28963AD30007A06E /* lioness.mp4 */; };
		91E40B2528963AD30007A06E /* giraffe.mp4 in Resources */ = {isa = PBXBuildFile; fileRef = 91E40B1B28963AD30007A06E /* giraffe.mp4 */; };
		91E40B2628963AD30007A06E /* elephant.mp4 in Resources */ = {isa = PBXBuildFile; fileRef = 91E40B1C28963AD30007A06E /* elephant.mp4 */; };
		91E40B2728963AD30007A06E /* hippo.mp4 in Resources */ = {isa = PBXBuildFile; fileRef = 91E40B1D28963AD30007A06E /* hippo.mp4 */; };
		91E40B2828963AD30007A06E /* lion.mp4 in Resources */ = {isa = PBXBuildFile; fileRef = 91E40B1E28963AD30007A06E /* lion.mp4 */; };
		91E40B2928963AD30007A06E /* zebra.mp4 in Resources */ = {isa = PBXBuildFile; fileRef = 91E40B1F28963AD30007A06E /* zebra.mp4 */; };
		91E40B2A28963AD30007A06E /* rhino.mp4 in Resources */ = {isa = PBXBuildFile; fileRef = 91E40B2028963AD30007A06E /* rhino.mp4 */; };
		91E40B2B28963AD30007A06E /* gorilla.mp4 in Resources */ = {isa = PBXBuildFile; fileRef = 91E40B2128963AD30007A06E /* gorilla.mp4 */; };
		91E40B3128963B020007A06E /* locations.json in Resources */ = {isa = PBXBuildFile; fileRef = 91E40B2D28963B020007A06E /* locations.json */; };
		91E40B3228963B020007A06E /* covers.json in Resources */ = {isa = PBXBuildFile; fileRef = 91E40B2E28963B020007A06E /* covers.json */; };
		91E40B3328963B020007A06E /* animals.json in Resources */ = {isa = PBXBuildFile; fileRef = 91E40B2F28963B020007A06E /* animals.json */; };
		91E40B3428963B020007A06E /* videos.json in Resources */ = {isa = PBXBuildFile; fileRef = 91E40B3028963B020007A06E /* videos.json */; };
		91E40B3828963CDA0007A06E /* VideoListView.swift in Sources */ = {isa = PBXBuildFile; fileRef = 91E40B3728963CDA0007A06E /* VideoListView.swift */; };
		91E40B3A28963CED0007A06E /* MapView.swift in Sources */ = {isa = PBXBuildFile; fileRef = 91E40B3928963CED0007A06E /* MapView.swift */; };
		91E40B3C28963D000007A06E /* GalleryView.swift in Sources */ = {isa = PBXBuildFile; fileRef = 91E40B3B28963D000007A06E /* GalleryView.swift */; };
		91E40B4028963D230007A06E /* MainView.swift in Sources */ = {isa = PBXBuildFile; fileRef = 91E40B3F28963D230007A06E /* MainView.swift */; };
		91E40B4328963F340007A06E /* CoverImageView.swift in Sources */ = {isa = PBXBuildFile; fileRef = 91E40B4228963F340007A06E /* CoverImageView.swift */; };
		91E40B46289640BA0007A06E /* CoverImageModel.swift in Sources */ = {isa = PBXBuildFile; fileRef = 91E40B45289640BA0007A06E /* CoverImageModel.swift */; };
		91E40B492896414B0007A06E /* CodableBundleExtension.swift in Sources */ = {isa = PBXBuildFile; fileRef = 91E40B482896414B0007A06E /* CodableBundleExtension.swift */; };
		91E40B4B289644D20007A06E /* AnimalListItemView.swift in Sources */ = {isa = PBXBuildFile; fileRef = 91E40B4A289644D20007A06E /* AnimalListItemView.swift */; };
		91E40B4D289646180007A06E /* AnimalModel.swift in Sources */ = {isa = PBXBuildFile; fileRef = 91E40B4C289646180007A06E /* AnimalModel.swift */; };
/* End PBXBuildFile section */

/* Begin PBXFileReference section */
		911293C828964A9300A31C39 /* AnimalDetailView.swift */ = {isa = PBXFileReference; lastKnownFileType = sourcecode.swift; path = AnimalDetailView.swift; sourceTree = "<group>"; };
		911293CA28964D9200A31C39 /* HeadingView.swift */ = {isa = PBXFileReference; lastKnownFileType = sourcecode.swift; path = HeadingView.swift; sourceTree = "<group>"; };
		911293CC28964E8200A31C39 /* InsetGalleryView.swift */ = {isa = PBXFileReference; lastKnownFileType = sourcecode.swift; path = InsetGalleryView.swift; sourceTree = "<group>"; };
		911293CE289651C600A31C39 /* InsetFactView.swift */ = {isa = PBXFileReference; lastKnownFileType = sourcecode.swift; path = InsetFactView.swift; sourceTree = "<group>"; };
		911293D02896544E00A31C39 /* InsetMapView.swift */ = {isa = PBXFileReference; lastKnownFileType = sourcecode.swift; path = InsetMapView.swift; sourceTree = "<group>"; };
		911293D22896568300A31C39 /* ExternalWebLinkView.swift */ = {isa = PBXFileReference; lastKnownFileType = sourcecode.swift; path = ExternalWebLinkView.swift; sourceTree = "<group>"; };
		911293D428965DE400A31C39 /* VideoModel.swift */ = {isa = PBXFileReference; lastKnownFileType = sourcecode.swift; path = VideoModel.swift; sourceTree = "<group>"; };
		911293D628965EEF00A31C39 /* VideoListItemView.swift */ = {isa = PBXFileReference; lastKnownFileType = sourcecode.swift; path = VideoListItemView.swift; sourceTree = "<group>"; };
		911293D82896653300A31C39 /* VideoPlayerView.swift */ = {isa = PBXFileReference; lastKnownFileType = sourcecode.swift; path = VideoPlayerView.swift; sourceTree = "<group>"; };
		911293DB28966AFC00A31C39 /* VideoPlayerHelper.swift */ = {isa = PBXFileReference; lastKnownFileType = sourcecode.swift; path = VideoPlayerHelper.swift; sourceTree = "<group>"; };
		91E40B06289638CF0007A06E /* Africa.app */ = {isa = PBXFileReference; explicitFileType = wrapper.application; includeInIndex = 0; path = Africa.app; sourceTree = BUILT_PRODUCTS_DIR; };
		91E40B09289638CF0007A06E /* AfricaApp.swift */ = {isa = PBXFileReference; lastKnownFileType = sourcecode.swift; path = AfricaApp.swift; sourceTree = "<group>"; };
		91E40B0B289638CF0007A06E /* ContentView.swift */ = {isa = PBXFileReference; lastKnownFileType = sourcecode.swift; path = ContentView.swift; sourceTree = "<group>"; };
		91E40B0D289638CF0007A06E /* Assets.xcassets */ = {isa = PBXFileReference; lastKnownFileType = folder.assetcatalog; path = Assets.xcassets; sourceTree = "<group>"; };
		91E40B10289638CF0007A06E /* Preview Assets.xcassets */ = {isa = PBXFileReference; lastKnownFileType = folder.assetcatalog; path = "Preview Assets.xcassets"; sourceTree = "<group>"; };
		91E40B1828963AD30007A06E /* ostrich.mp4 */ = {isa = PBXFileReference; lastKnownFileType = file; path = ostrich.mp4; sourceTree = "<group>"; };
		91E40B1928963AD30007A06E /* cheetah.mp4 */ = {isa = PBXFileReference; lastKnownFileType = file; path = cheetah.mp4; sourceTree = "<group>"; };
		91E40B1A28963AD30007A06E /* lioness.mp4 */ = {isa = PBXFileReference; lastKnownFileType = file; path = lioness.mp4; sourceTree = "<group>"; };
		91E40B1B28963AD30007A06E /* giraffe.mp4 */ = {isa = PBXFileReference; lastKnownFileType = file; path = giraffe.mp4; sourceTree = "<group>"; };
		91E40B1C28963AD30007A06E /* elephant.mp4 */ = {isa = PBXFileReference; lastKnownFileType = file; path = elephant.mp4; sourceTree = "<group>"; };
		91E40B1D28963AD30007A06E /* hippo.mp4 */ = {isa = PBXFileReference; lastKnownFileType = file; path = hippo.mp4; sourceTree = "<group>"; };
		91E40B1E28963AD30007A06E /* lion.mp4 */ = {isa = PBXFileReference; lastKnownFileType = file; path = lion.mp4; sourceTree = "<group>"; };
		91E40B1F28963AD30007A06E /* zebra.mp4 */ = {isa = PBXFileReference; lastKnownFileType = file; path = zebra.mp4; sourceTree = "<group>"; };
		91E40B2028963AD30007A06E /* rhino.mp4 */ = {isa = PBXFileReference; lastKnownFileType = file; path = rhino.mp4; sourceTree = "<group>"; };
		91E40B2128963AD30007A06E /* gorilla.mp4 */ = {isa = PBXFileReference; lastKnownFileType = file; path = gorilla.mp4; sourceTree = "<group>"; };
		91E40B2D28963B020007A06E /* locations.json */ = {isa = PBXFileReference; fileEncoding = 4; lastKnownFileType = text.json; path = locations.json; sourceTree = "<group>"; };
		91E40B2E28963B020007A06E /* covers.json */ = {isa = PBXFileReference; fileEncoding = 4; lastKnownFileType = text.json; path = covers.json; sourceTree = "<group>"; };
		91E40B2F28963B020007A06E /* animals.json */ = {isa = PBXFileReference; fileEncoding = 4; lastKnownFileType = text.json; path = animals.json; sourceTree = "<group>"; };
		91E40B3028963B020007A06E /* videos.json */ = {isa = PBXFileReference; fileEncoding = 4; lastKnownFileType = text.json; path = videos.json; sourceTree = "<group>"; };
		91E40B3528963BDD0007A06E /* Info.plist */ = {isa = PBXFileReference; lastKnownFileType = text.plist; path = Info.plist; sourceTree = "<group>"; };
		91E40B3728963CDA0007A06E /* VideoListView.swift */ = {isa = PBXFileReference; lastKnownFileType = sourcecode.swift; path = VideoListView.swift; sourceTree = "<group>"; };
		91E40B3928963CED0007A06E /* MapView.swift */ = {isa = PBXFileReference; lastKnownFileType = sourcecode.swift; path = MapView.swift; sourceTree = "<group>"; };
		91E40B3B28963D000007A06E /* GalleryView.swift */ = {isa = PBXFileReference; lastKnownFileType = sourcecode.swift; path = GalleryView.swift; sourceTree = "<group>"; };
		91E40B3F28963D230007A06E /* MainView.swift */ = {isa = PBXFileReference; lastKnownFileType = sourcecode.swift; path = MainView.swift; sourceTree = "<group>"; };
		91E40B4228963F340007A06E /* CoverImageView.swift */ = {isa = PBXFileReference; lastKnownFileType = sourcecode.swift; path = CoverImageView.swift; sourceTree = "<group>"; };
		91E40B45289640BA0007A06E /* CoverImageModel.swift */ = {isa = PBXFileReference; lastKnownFileType = sourcecode.swift; path = CoverImageModel.swift; sourceTree = "<group>"; };
		91E40B482896414B0007A06E /* CodableBundleExtension.swift */ = {isa = PBXFileReference; lastKnownFileType = sourcecode.swift; path = CodableBundleExtension.swift; sourceTree = "<group>"; };
		91E40B4A289644D20007A06E /* AnimalListItemView.swift */ = {isa = PBXFileReference; lastKnownFileType = sourcecode.swift; path = AnimalListItemView.swift; sourceTree = "<group>"; };
		91E40B4C289646180007A06E /* AnimalModel.swift */ = {isa = PBXFileReference; lastKnownFileType = sourcecode.swift; path = AnimalModel.swift; sourceTree = "<group>"; };
/* End PBXFileReference section */

/* Begin PBXFrameworksBuildPhase section */
		91E40B03289638CF0007A06E /* Frameworks */ = {
			isa = PBXFrameworksBuildPhase;
			buildActionMask = 2147483647;
			files = (
			);
			runOnlyForDeploymentPostprocessing = 0;
		};
/* End PBXFrameworksBuildPhase section */

/* Begin PBXGroup section */
		911293DA28966AE700A31C39 /* Utility */ = {
			isa = PBXGroup;
			children = (
				911293DB28966AFC00A31C39 /* VideoPlayerHelper.swift */,
			);
			path = Utility;
			sourceTree = "<group>";
		};
		91E40AFD289638CF0007A06E = {
			isa = PBXGroup;
			children = (
				91E40B08289638CF0007A06E /* Africa */,
				91E40B07289638CF0007A06E /* Products */,
			);
			sourceTree = "<group>";
		};
		91E40B07289638CF0007A06E /* Products */ = {
			isa = PBXGroup;
			children = (
				91E40B06289638CF0007A06E /* Africa.app */,
			);
			name = Products;
			sourceTree = "<group>";
		};
		91E40B08289638CF0007A06E /* Africa */ = {
			isa = PBXGroup;
			children = (
				911293DA28966AE700A31C39 /* Utility */,
				91E40B472896412C0007A06E /* Extension */,
				91E40B44289640940007A06E /* Model */,
				91E40B4128963F230007A06E /* View */,
				91E40B3528963BDD0007A06E /* Info.plist */,
				91E40B2C28963B020007A06E /* Data */,
				91E40B1728963AB00007A06E /* Video */,
				91E40B3628963C970007A06E /* App */,
				91E40B0D289638CF0007A06E /* Assets.xcassets */,
				91E40B0F289638CF0007A06E /* Preview Content */,
			);
			path = Africa;
			sourceTree = "<group>";
		};
		91E40B0F289638CF0007A06E /* Preview Content */ = {
			isa = PBXGroup;
			children = (
				91E40B10289638CF0007A06E /* Preview Assets.xcassets */,
			);
			path = "Preview Content";
			sourceTree = "<group>";
		};
		91E40B1728963AB00007A06E /* Video */ = {
			isa = PBXGroup;
			children = (
				91E40B1928963AD30007A06E /* cheetah.mp4 */,
				91E40B1C28963AD30007A06E /* elephant.mp4 */,
				91E40B1B28963AD30007A06E /* giraffe.mp4 */,
				91E40B2128963AD30007A06E /* gorilla.mp4 */,
				91E40B1D28963AD30007A06E /* hippo.mp4 */,
				91E40B1E28963AD30007A06E /* lion.mp4 */,
				91E40B1A28963AD30007A06E /* lioness.mp4 */,
				91E40B1828963AD30007A06E /* ostrich.mp4 */,
				91E40B2028963AD30007A06E /* rhino.mp4 */,
				91E40B1F28963AD30007A06E /* zebra.mp4 */,
			);
			path = Video;
			sourceTree = "<group>";
		};
		91E40B2C28963B020007A06E /* Data */ = {
			isa = PBXGroup;
			children = (
				91E40B2D28963B020007A06E /* locations.json */,
				91E40B2E28963B020007A06E /* covers.json */,
				91E40B2F28963B020007A06E /* animals.json */,
				91E40B3028963B020007A06E /* videos.json */,
			);
			path = Data;
			sourceTree = "<group>";
		};
		91E40B3628963C970007A06E /* App */ = {
			isa = PBXGroup;
			children = (
				91E40B09289638CF0007A06E /* AfricaApp.swift */,
				91E40B0B289638CF0007A06E /* ContentView.swift */,
				91E40B3728963CDA0007A06E /* VideoListView.swift */,
				91E40B3928963CED0007A06E /* MapView.swift */,
				91E40B3B28963D000007A06E /* GalleryView.swift */,
				91E40B3F28963D230007A06E /* MainView.swift */,
			);
			path = App;
			sourceTree = "<group>";
		};
		91E40B4128963F230007A06E /* View */ = {
			isa = PBXGroup;
			children = (
				91E40B4228963F340007A06E /* CoverImageView.swift */,
				91E40B4A289644D20007A06E /* AnimalListItemView.swift */,
				911293C828964A9300A31C39 /* AnimalDetailView.swift */,
				911293CA28964D9200A31C39 /* HeadingView.swift */,
				911293CC28964E8200A31C39 /* InsetGalleryView.swift */,
				911293CE289651C600A31C39 /* InsetFactView.swift */,
				911293D02896544E00A31C39 /* InsetMapView.swift */,
				911293D22896568300A31C39 /* ExternalWebLinkView.swift */,
				911293D628965EEF00A31C39 /* VideoListItemView.swift */,
				911293D82896653300A31C39 /* VideoPlayerView.swift */,
			);
			path = View;
			sourceTree = "<group>";
		};
		91E40B44289640940007A06E /* Model */ = {
			isa = PBXGroup;
			children = (
				91E40B45289640BA0007A06E /* CoverImageModel.swift */,
				91E40B4C289646180007A06E /* AnimalModel.swift */,
				911293D428965DE400A31C39 /* VideoModel.swift */,
			);
			path = Model;
			sourceTree = "<group>";
		};
		91E40B472896412C0007A06E /* Extension */ = {
			isa = PBXGroup;
			children = (
				91E40B482896414B0007A06E /* CodableBundleExtension.swift */,
			);
			path = Extension;
			sourceTree = "<group>";
		};
/* End PBXGroup section */

/* Begin PBXNativeTarget section */
		91E40B05289638CF0007A06E /* Africa */ = {
			isa = PBXNativeTarget;
			buildConfigurationList = 91E40B14289638CF0007A06E /* Build configuration list for PBXNativeTarget "Africa" */;
			buildPhases = (
				91E40B02289638CF0007A06E /* Sources */,
				91E40B03289638CF0007A06E /* Frameworks */,
				91E40B04289638CF0007A06E /* Resources */,
			);
			buildRules = (
			);
			dependencies = (
			);
			name = Africa;
			productName = Africa;
			productReference = 91E40B06289638CF0007A06E /* Africa.app */;
			productType = "com.apple.product-type.application";
		};
/* End PBXNativeTarget section */

/* Begin PBXProject section */
		91E40AFE289638CF0007A06E /* Project object */ = {
			isa = PBXProject;
			attributes = {
				BuildIndependentTargetsInParallel = 1;
				LastSwiftUpdateCheck = 1340;
				LastUpgradeCheck = 1340;
				TargetAttributes = {
					91E40B05289638CF0007A06E = {
						CreatedOnToolsVersion = 13.4.1;
					};
				};
			};
			buildConfigurationList = 91E40B01289638CF0007A06E /* Build configuration list for PBXProject "Africa" */;
			compatibilityVersion = "Xcode 13.0";
			developmentRegion = en;
			hasScannedForEncodings = 0;
			knownRegions = (
				en,
				Base,
			);
			mainGroup = 91E40AFD289638CF0007A06E;
			productRefGroup = 91E40B07289638CF0007A06E /* Products */;
			projectDirPath = "";
			projectRoot = "";
			targets = (
				91E40B05289638CF0007A06E /* Africa */,
			);
		};
/* End PBXProject section */

/* Begin PBXResourcesBuildPhase section */
		91E40B04289638CF0007A06E /* Resources */ = {
			isa = PBXResourcesBuildPhase;
			buildActionMask = 2147483647;
			files = (
				91E40B3328963B020007A06E /* animals.json in Resources */,
				91E40B3128963B020007A06E /* locations.json in Resources */,
				91E40B2728963AD30007A06E /* hippo.mp4 in Resources */,
				91E40B2328963AD30007A06E /* cheetah.mp4 in Resources */,
				91E40B2228963AD30007A06E /* ostrich.mp4 in Resources */,
				91E40B2528963AD30007A06E /* giraffe.mp4 in Resources */,
				91E40B2B28963AD30007A06E /* gorilla.mp4 in Resources */,
				91E40B2428963AD30007A06E /* lioness.mp4 in Resources */,
				91E40B3228963B020007A06E /* covers.json in Resources */,
				91E40B2628963AD30007A06E /* elephant.mp4 in Resources */,
				91E40B2928963AD30007A06E /* zebra.mp4 in Resources */,
				91E40B11289638CF0007A06E /* Preview Assets.xcassets in Resources */,
				91E40B2828963AD30007A06E /* lion.mp4 in Resources */,
				91E40B3428963B020007A06E /* videos.json in Resources */,
				91E40B2A28963AD30007A06E /* rhino.mp4 in Resources */,
				91E40B0E289638CF0007A06E /* Assets.xcassets in Resources */,
			);
			runOnlyForDeploymentPostprocessing = 0;
		};
/* End PBXResourcesBuildPhase section */

/* Begin PBXSourcesBuildPhase section */
		91E40B02289638CF0007A06E /* Sources */ = {
			isa = PBXSourcesBuildPhase;
			buildActionMask = 2147483647;
			files = (
				91E40B0C289638CF0007A06E /* ContentView.swift in Sources */,
				91E40B4B289644D20007A06E /* AnimalListItemView.swift in Sources */,
				91E40B4028963D230007A06E /* MainView.swift in Sources */,
				911293CF289651C600A31C39 /* InsetFactView.swift in Sources */,
				91E40B4328963F340007A06E /* CoverImageView.swift in Sources */,
				91E40B46289640BA0007A06E /* CoverImageModel.swift in Sources */,
				911293C928964A9300A31C39 /* AnimalDetailView.swift in Sources */,
				91E40B4D289646180007A06E /* AnimalModel.swift in Sources */,
				91E40B3A28963CED0007A06E /* MapView.swift in Sources */,
				911293D12896544E00A31C39 /* InsetMapView.swift in Sources */,
				911293DC28966AFC00A31C39 /* VideoPlayerHelper.swift in Sources */,
				91E40B0A289638CF0007A06E /* AfricaApp.swift in Sources */,
				911293D32896568300A31C39 /* ExternalWebLinkView.swift in Sources */,
				91E40B3828963CDA0007A06E /* VideoListView.swift in Sources */,
				911293D528965DE400A31C39 /* VideoModel.swift in Sources */,
				91E40B3C28963D000007A06E /* GalleryView.swift in Sources */,
				911293CD28964E8200A31C39 /* InsetGalleryView.swift in Sources */,
				911293D728965EEF00A31C39 /* VideoListItemView.swift in Sources */,
				91E40B492896414B0007A06E /* CodableBundleExtension.swift in Sources */,
				911293CB28964D9200A31C39 /* HeadingView.swift in Sources */,
				911293D92896653300A31C39 /* VideoPlayerView.swift in Sources */,
			);
			runOnlyForDeploymentPostprocessing = 0;
		};
/* End PBXSourcesBuildPhase section */

/* Begin XCBuildConfiguration section */
		91E40B12289638CF0007A06E /* Debug */ = {
			isa = XCBuildConfiguration;
			buildSettings = {
				ALWAYS_SEARCH_USER_PATHS = NO;
				CLANG_ANALYZER_NONNULL = YES;
				CLANG_ANALYZER_NUMBER_OBJECT_CONVERSION = YES_AGGRESSIVE;
				CLANG_CXX_LANGUAGE_STANDARD = "gnu++17";
				CLANG_ENABLE_MODULES = YES;
				CLANG_ENABLE_OBJC_ARC = YES;
				CLANG_ENABLE_OBJC_WEAK = YES;
				CLANG_WARN_BLOCK_CAPTURE_AUTORELEASING = YES;
				CLANG_WARN_BOOL_CONVERSION = YES;
				CLANG_WARN_COMMA = YES;
				CLANG_WARN_CONSTANT_CONVERSION = YES;
				CLANG_WARN_DEPRECATED_OBJC_IMPLEMENTATIONS = YES;
				CLANG_WARN_DIRECT_OBJC_ISA_USAGE = YES_ERROR;
				CLANG_WARN_DOCUMENTATION_COMMENTS = YES;
				CLANG_WARN_EMPTY_BODY = YES;
				CLANG_WARN_ENUM_CONVERSION = YES;
				CLANG_WARN_INFINITE_RECURSION = YES;
				CLANG_WARN_INT_CONVERSION = YES;
				CLANG_WARN_NON_LITERAL_NULL_CONVERSION = YES;
				CLANG_WARN_OBJC_IMPLICIT_RETAIN_SELF = YES;
				CLANG_WARN_OBJC_LITERAL_CONVERSION = YES;
				CLANG_WARN_OBJC_ROOT_CLASS = YES_ERROR;
				CLANG_WARN_QUOTED_INCLUDE_IN_FRAMEWORK_HEADER = YES;
				CLANG_WARN_RANGE_LOOP_ANALYSIS = YES;
				CLANG_WARN_STRICT_PROTOTYPES = YES;
				CLANG_WARN_SUSPICIOUS_MOVE = YES;
				CLANG_WARN_UNGUARDED_AVAILABILITY = YES_AGGRESSIVE;
				CLANG_WARN_UNREACHABLE_CODE = YES;
				CLANG_WARN__DUPLICATE_METHOD_MATCH = YES;
				COPY_PHASE_STRIP = NO;
				DEBUG_INFORMATION_FORMAT = dwarf;
				ENABLE_STRICT_OBJC_MSGSEND = YES;
				ENABLE_TESTABILITY = YES;
				GCC_C_LANGUAGE_STANDARD = gnu11;
				GCC_DYNAMIC_NO_PIC = NO;
				GCC_NO_COMMON_BLOCKS = YES;
				GCC_OPTIMIZATION_LEVEL = 0;
				GCC_PREPROCESSOR_DEFINITIONS = (
					"DEBUG=1",
					"$(inherited)",
				);
				GCC_WARN_64_TO_32_BIT_CONVERSION = YES;
				GCC_WARN_ABOUT_RETURN_TYPE = YES_ERROR;
				GCC_WARN_UNDECLARED_SELECTOR = YES;
				GCC_WARN_UNINITIALIZED_AUTOS = YES_AGGRESSIVE;
				GCC_WARN_UNUSED_FUNCTION = YES;
				GCC_WARN_UNUSED_VARIABLE = YES;
				IPHONEOS_DEPLOYMENT_TARGET = 15.5;
				MTL_ENABLE_DEBUG_INFO = INCLUDE_SOURCE;
				MTL_FAST_MATH = YES;
				ONLY_ACTIVE_ARCH = YES;
				SDKROOT = iphoneos;
				SWIFT_ACTIVE_COMPILATION_CONDITIONS = DEBUG;
				SWIFT_OPTIMIZATION_LEVEL = "-Onone";
			};
			name = Debug;
		};
		91E40B13289638CF0007A06E /* Release */ = {
			isa = XCBuildConfiguration;
			buildSettings = {
				ALWAYS_SEARCH_USER_PATHS = NO;
				CLANG_ANALYZER_NONNULL = YES;
				CLANG_ANALYZER_NUMBER_OBJECT_CONVERSION = YES_AGGRESSIVE;
				CLANG_CXX_LANGUAGE_STANDARD = "gnu++17";
				CLANG_ENABLE_MODULES = YES;
				CLANG_ENABLE_OBJC_ARC = YES;
				CLANG_ENABLE_OBJC_WEAK = YES;
				CLANG_WARN_BLOCK_CAPTURE_AUTORELEASING = YES;
				CLANG_WARN_BOOL_CONVERSION = YES;
				CLANG_WARN_COMMA = YES;
				CLANG_WARN_CONSTANT_CONVERSION = YES;
				CLANG_WARN_DEPRECATED_OBJC_IMPLEMENTATIONS = YES;
				CLANG_WARN_DIRECT_OBJC_ISA_USAGE = YES_ERROR;
				CLANG_WARN_DOCUMENTATION_COMMENTS = YES;
				CLANG_WARN_EMPTY_BODY = YES;
				CLANG_WARN_ENUM_CONVERSION = YES;
				CLANG_WARN_INFINITE_RECURSION = YES;
				CLANG_WARN_INT_CONVERSION = YES;
				CLANG_WARN_NON_LITERAL_NULL_CONVERSION = YES;
				CLANG_WARN_OBJC_IMPLICIT_RETAIN_SELF = YES;
				CLANG_WARN_OBJC_LITERAL_CONVERSION = YES;
				CLANG_WARN_OBJC_ROOT_CLASS = YES_ERROR;
				CLANG_WARN_QUOTED_INCLUDE_IN_FRAMEWORK_HEADER = YES;
				CLANG_WARN_RANGE_LOOP_ANALYSIS = YES;
				CLANG_WARN_STRICT_PROTOTYPES = YES;
				CLANG_WARN_SUSPICIOUS_MOVE = YES;
				CLANG_WARN_UNGUARDED_AVAILABILITY = YES_AGGRESSIVE;
				CLANG_WARN_UNREACHABLE_CODE = YES;
				CLANG_WARN__DUPLICATE_METHOD_MATCH = YES;
				COPY_PHASE_STRIP = NO;
				DEBUG_INFORMATION_FORMAT = "dwarf-with-dsym";
				ENABLE_NS_ASSERTIONS = NO;
				ENABLE_STRICT_OBJC_MSGSEND = YES;
				GCC_C_LANGUAGE_STANDARD = gnu11;
				GCC_NO_COMMON_BLOCKS = YES;
				GCC_WARN_64_TO_32_BIT_CONVERSION = YES;
				GCC_WARN_ABOUT_RETURN_TYPE = YES_ERROR;
				GCC_WARN_UNDECLARED_SELECTOR = YES;
				GCC_WARN_UNINITIALIZED_AUTOS = YES_AGGRESSIVE;
				GCC_WARN_UNUSED_FUNCTION = YES;
				GCC_WARN_UNUSED_VARIABLE = YES;
				IPHONEOS_DEPLOYMENT_TARGET = 15.5;
				MTL_ENABLE_DEBUG_INFO = NO;
				MTL_FAST_MATH = YES;
				SDKROOT = iphoneos;
				SWIFT_COMPILATION_MODE = wholemodule;
				SWIFT_OPTIMIZATION_LEVEL = "-O";
				VALIDATE_PRODUCT = YES;
			};
			name = Release;
		};
		91E40B15289638CF0007A06E /* Debug */ = {
			isa = XCBuildConfiguration;
			buildSettings = {
				ASSETCATALOG_COMPILER_APPICON_NAME = AppIcon;
				ASSETCATALOG_COMPILER_GLOBAL_ACCENT_COLOR_NAME = AccentColor;
				CODE_SIGN_STYLE = Automatic;
				CURRENT_PROJECT_VERSION = 1;
				DEVELOPMENT_ASSET_PATHS = "\"Africa/Preview Content\"";
				DEVELOPMENT_TEAM = 54QU2WU97C;
				ENABLE_PREVIEWS = YES;
				GENERATE_INFOPLIST_FILE = YES;
				INFOPLIST_FILE = Africa/Info.plist;
				INFOPLIST_KEY_UIApplicationSceneManifest_Generation = YES;
				INFOPLIST_KEY_UIApplicationSupportsIndirectInputEvents = YES;
				INFOPLIST_KEY_UISupportedInterfaceOrientations_iPad = "UIInterfaceOrientationPortrait UIInterfaceOrientationPortraitUpsideDown UIInterfaceOrientationLandscapeLeft UIInterfaceOrientationLandscapeRight";
				INFOPLIST_KEY_UISupportedInterfaceOrientations_iPhone = "UIInterfaceOrientationPortrait UIInterfaceOrientationLandscapeLeft UIInterfaceOrientationLandscapeRight";
				INFOPLIST_KEY_UIUserInterfaceStyle = Dark;
				LD_RUNPATH_SEARCH_PATHS = (
					"$(inherited)",
					"@executable_path/Frameworks",
				);
				MARKETING_VERSION = 1.0;
				PRODUCT_BUNDLE_IDENTIFIER = com.app..Africa;
				PRODUCT_NAME = "$(TARGET_NAME)";
				SWIFT_EMIT_LOC_STRINGS = YES;
				SWIFT_VERSION = 5.0;
				TARGETED_DEVICE_FAMILY = "1,2";
			};
			name = Debug;
		};
		91E40B16289638CF0007A06E /* Release */ = {
			isa = XCBuildConfiguration;
			buildSettings = {
				ASSETCATALOG_COMPILER_APPICON_NAME = AppIcon;
				ASSETCATALOG_COMPILER_GLOBAL_ACCENT_COLOR_NAME = AccentColor;
				CODE_SIGN_STYLE = Automatic;
				CURRENT_PROJECT_VERSION = 1;
				DEVELOPMENT_ASSET_PATHS = "\"Africa/Preview Content\"";
				DEVELOPMENT_TEAM = 54QU2WU97C;
				ENABLE_PREVIEWS = YES;
				GENERATE_INFOPLIST_FILE = YES;
				INFOPLIST_FILE = Africa/Info.plist;
				INFOPLIST_KEY_UIApplicationSceneManifest_Generation = YES;
				INFOPLIST_KEY_UIApplicationSupportsIndirectInputEvents = YES;
				INFOPLIST_KEY_UISupportedInterfaceOrientations_iPad = "UIInterfaceOrientationPortrait UIInterfaceOrientationPortraitUpsideDown UIInterfaceOrientationLandscapeLeft UIInterfaceOrientationLandscapeRight";
				INFOPLIST_KEY_UISupportedInterfaceOrientations_iPhone = "UIInterfaceOrientationPortrait UIInterfaceOrientationLandscapeLeft UIInterfaceOrientationLandscapeRight";
				INFOPLIST_KEY_UIUserInterfaceStyle = Dark;
				LD_RUNPATH_SEARCH_PATHS = (
					"$(inherited)",
					"@executable_path/Frameworks",
				);
				MARKETING_VERSION = 1.0;
				PRODUCT_BUNDLE_IDENTIFIER = com.app..Africa;
				PRODUCT_NAME = "$(TARGET_NAME)";
				SWIFT_EMIT_LOC_STRINGS = YES;
				SWIFT_VERSION = 5.0;
				TARGETED_DEVICE_FAMILY = "1,2";
			};
			name = Release;
		};
/* End XCBuildConfiguration section */

/* Begin XCConfigurationList section */
		91E40B01289638CF0007A06E /* Build configuration list for PBXProject "Africa" */ = {
			isa = XCConfigurationList;
			buildConfigurations = (
				91E40B12289638CF0007A06E /* Debug */,
				91E40B13289638CF0007A06E /* Release */,
			);
			defaultConfigurationIsVisible = 0;
			defaultConfigurationName = Release;
		};
		91E40B14289638CF0007A06E /* Build configuration list for PBXNativeTarget "Africa" */ = {
			isa = XCConfigurationList;
			buildConfigurations = (
				91E40B15289638CF0007A06E /* Debug */,
				91E40B16289638CF0007A06E /* Release */,
			);
			defaultConfigurationIsVisible = 0;
			defaultConfigurationName = Release;
		};
/* End XCConfigurationList section */
	};
	rootObject = 91E40AFE289638CF0007A06E /* Project object */;
}
